
Microsoft Visual Studio Solution File, Format Version 12.00
# Visual Studio Version 17
VisualStudioVersion = 17.13.35931.197
MinimumVisualStudioVersion = 10.0.40219.1
Project("{2150E333-8FDC-42A3-9474-1A3956D46DE8}") = "Engine", "Engine", "{02EA681E-C7D8-13C7-8484-4AC65E1B71E8}"
EndProject
Project("{2150E333-8FDC-42A3-9474-1A3956D46DE8}") = "Framework", "Framework", "{1F0CEE47-F72B-4C16-9F96-0230370008C2}"
EndProject
Project("{2150E333-8FDC-42A3-9474-1A3956D46DE8}") = "VGP242", "VGP242", "{56EF5666-6D9D-4656-95E9-9BCCDDCD726E}"
EndProject
Project("{8BC9CEB8-8B4A-11D0-8D11-00A0C91BC942}") = "SabadEngine", "Engine\SabadEngine\SabadEngine.vcxproj", "{DACA0F24-E27D-4787-AB9E-C75A1E5D2129}"
EndProject
Project("{8BC9CEB8-8B4A-11D0-8D11-00A0C91BC942}") = "Core", "Framework\Core\Core.vcxproj", "{5906D5A4-AB99-4F6E-B4A1-282D78E58DA6}"
EndProject
Project("{8BC9CEB8-8B4A-11D0-8D11-00A0C91BC942}") = "Math", "Framework\Math\Math.vcxproj", "{E2F0CCAF-3354-48F8-A1B4-D89487C6BA41}"
EndProject
Project("{8BC9CEB8-8B4A-11D0-8D11-00A0C91BC942}") = "01_HelloWindow", "VGP242\01_HelloWindow\01_HelloWindow.vcxproj", "{CE971BB9-9C38-4988-8315-42F5D130ACDC}"
EndProject
Project("{2150E333-8FDC-42A3-9474-1A3956D46DE8}") = "External", "External", "{4D57DF9A-8108-4E1F-9A0A-CC3122761416}"
EndProject
Project("{8BC9CEB8-8B4A-11D0-8D11-00A0C91BC942}") = "Graphics", "Framework\Graphics\Graphics.vcxproj", "{FA83C824-C953-4A72-9CAB-4253F03ECEED}"
EndProject
Project("{8BC9CEB8-8B4A-11D0-8D11-00A0C91BC942}") = "02_HelloShapes", "VGP242\02_HelloShapes\02_HelloShapes.vcxproj", "{401D05A0-7A70-46DE-BBE9-7612A89AE857}"
EndProject
Project("{8BC9CEB8-8B4A-11D0-8D11-00A0C91BC942}") = "DirectXTK_Desktop_2022", "External\DirectXTK\DirectXTK_Desktop_2022.vcxproj", "{E0B52AE7-E160-4D32-BF3F-910B785E5A8E}"
EndProject
Project("{8BC9CEB8-8B4A-11D0-8D11-00A0C91BC942}") = "Input", "Framework\Input\Input.vcxproj", "{3629F01A-6FED-42EB-B308-E9F7F1346EAF}"
EndProject
Project("{2150E333-8FDC-42A3-9474-1A3956D46DE8}") = "Assets", "Assets", "{EA09796F-707D-40EA-ADBF-D6AA70DD99ED}"
EndProject
Project("{2150E333-8FDC-42A3-9474-1A3956D46DE8}") = "Shaders", "Shaders", "{1332146E-E0BC-473B-A44A-9949D6964E63}"
	ProjectSection(SolutionItems) = preProject
		Assets\Shaders\CelShader.fx = Assets\Shaders\CelShader.fx
		Assets\Shaders\DoColor.fx = Assets\Shaders\DoColor.fx
		Assets\Shaders\DoSomething.fx = Assets\Shaders\DoSomething.fx
		DoTexture.fx = DoTexture.fx
		Assets\Shaders\DoTransformColor.fx = Assets\Shaders\DoTransformColor.fx
		Assets\Shaders\FinalAssignmentShader.fx = Assets\Shaders\FinalAssignmentShader.fx
		Assets\Shaders\PostProcessing.fx = Assets\Shaders\PostProcessing.fx
		Assets\Shaders\Shadow.fx = Assets\Shaders\Shadow.fx
		Assets\Shaders\SimpleDraw.fx = Assets\Shaders\SimpleDraw.fx
		Assets\Shaders\Standard.fx = Assets\Shaders\Standard.fx
		Assets\Shaders\Terrain.fx = Assets\Shaders\Terrain.fx
	EndProjectSection
EndProject
Project("{8BC9CEB8-8B4A-11D0-8D11-00A0C91BC942}") = "03_HelloCube", "VGP242\03_HelloCube\03_HelloCube.vcxproj", "{66A1A3FC-82AB-40EC-AE31-7677FAB3CC4E}"
EndProject
Project("{8BC9CEB8-8B4A-11D0-8D11-00A0C91BC942}") = "ImGui", "External\ImGui\ImGui.vcxproj", "{52D656A2-A2F4-4C54-A3C7-653427BED1E8}"
EndProject
Project("{8BC9CEB8-8B4A-11D0-8D11-00A0C91BC942}") = "04_HelloMeshBuilder", "VGP242\04_HelloMeshBuilder\04_HelloMeshBuilder.vcxproj", "{05BB31A7-290C-4EC5-810A-EB25EB578847}"
EndProject
Project("{8BC9CEB8-8B4A-11D0-8D11-00A0C91BC942}") = "06_HelloRenderTarget", "VGP242\06_HelloRenderTarget\06_HelloRenderTarget.vcxproj", "{5AE8ADF4-0866-4B6D-A4FE-371A78B28381}"
EndProject
Project("{8BC9CEB8-8B4A-11D0-8D11-00A0C91BC942}") = "05_HelloDebug", "VGP242\05_HelloDebug\05_HelloDebug.vcxproj", "{1AED4CCC-E79F-48A4-9102-22F922531D75}"
EndProject
Project("{8BC9CEB8-8B4A-11D0-8D11-00A0C91BC942}") = "07_HelloSimpleTextureEffect", "VGP242\07_HelloSimpleTextureEffect\07_HelloSimpleTextureEffect.vcxproj", "{03E81830-7895-4507-ACF7-FE4E271B48AA}"
EndProject
Project("{8BC9CEB8-8B4A-11D0-8D11-00A0C91BC942}") = "SolarSystem", "VGP242\SolarSystem\SolarSystem.vcxproj", "{2215EF7C-F2B9-4866-93A8-69A624A8EB22}"
EndProject
Project("{2150E333-8FDC-42A3-9474-1A3956D46DE8}") = "VGP330", "VGP330", "{8B83EB1A-9128-4C37-A486-556770018A74}"
EndProject
Project("{8BC9CEB8-8B4A-11D0-8D11-00A0C91BC942}") = "08_HelloLighting", "VGP330\08_HelloLighting\08_HelloLighting.vcxproj", "{6DDCEA66-EAAE-445E-9AF6-18CDC1267711}"
EndProject
Project("{8BC9CEB8-8B4A-11D0-8D11-00A0C91BC942}") = "09_HelloCelShader", "VGP330\09_HelloCelShader\09_HelloCelShader.vcxproj", "{044C4BF5-1DAD-47FD-8882-1894A44101C4}"
EndProject
Project("{2150E333-8FDC-42A3-9474-1A3956D46DE8}") = "Tools", "Tools", "{10F164C6-BAFD-49BB-9935-3D61D5C1C87B}"
EndProject
Project("{8BC9CEB8-8B4A-11D0-8D11-00A0C91BC942}") = "ModelImporter", "Tools\ModelImporter\ModelImporter.vcxproj", "{69E84184-9367-4BDE-8F7C-4F989BB74A40}"
EndProject
Project("{8BC9CEB8-8B4A-11D0-8D11-00A0C91BC942}") = "10_HelloModel", "VGP330\10_HelloModel\10_HelloModel.vcxproj", "{BFF1551E-58E8-470D-9AF2-39DFB9718F76}"
EndProject
Project("{8BC9CEB8-8B4A-11D0-8D11-00A0C91BC942}") = "11_HelloPostProcessing", "VGP330\11_HelloPostProcessing\11_HelloPostProcessing.vcxproj", "{9EB1F8FE-8444-496F-81FE-5C5CFFA371B5}"
EndProject
Project("{8BC9CEB8-8B4A-11D0-8D11-00A0C91BC942}") = "12_HelloShadow", "VGP330\12_HelloShadow\12_HelloShadow.vcxproj", "{716535BF-6130-4E56-BA4C-AB4ED8462744}"
EndProject
Project("{8BC9CEB8-8B4A-11D0-8D11-00A0C91BC942}") = "13_HelloTerrain", "VGP330\13_HelloTerrain\13_HelloTerrain.vcxproj", "{EC8A461C-AFDE-4B93-97F1-A1A1534E5B80}"
EndProject
Project("{8BC9CEB8-8B4A-11D0-8D11-00A0C91BC942}") = "14_FinalProject", "VGP330\14_FinalProject\14_FinalProject.vcxproj", "{5752E2D1-99CC-4D7B-98EA-C130A81760A7}"
EndProject
Project("{2150E333-8FDC-42A3-9474-1A3956D46DE8}") = "VGP334", "VGP334", "{94318BD7-291F-424A-A8A5-7FB310703BF0}"
EndProject
Project("{8BC9CEB8-8B4A-11D0-8D11-00A0C91BC942}") = "14_HelloAnimation", "VGP334\14_HelloAnimation\14_HelloAnimation.vcxproj", "{804432DE-0CCB-4DEC-8170-5B30CEF8D3DC}"
EndProject
Global
	GlobalSection(SolutionConfigurationPlatforms) = preSolution
		Debug|x64 = Debug|x64
		Debug|x86 = Debug|x86
		Release|x64 = Release|x64
		Release|x86 = Release|x86
	EndGlobalSection
	GlobalSection(ProjectConfigurationPlatforms) = postSolution
		{DACA0F24-E27D-4787-AB9E-C75A1E5D2129}.Debug|x64.ActiveCfg = Debug|x64
		{DACA0F24-E27D-4787-AB9E-C75A1E5D2129}.Debug|x64.Build.0 = Debug|x64
		{DACA0F24-E27D-4787-AB9E-C75A1E5D2129}.Debug|x86.ActiveCfg = Debug|Win32
		{DACA0F24-E27D-4787-AB9E-C75A1E5D2129}.Debug|x86.Build.0 = Debug|Win32
		{DACA0F24-E27D-4787-AB9E-C75A1E5D2129}.Release|x64.ActiveCfg = Release|x64
		{DACA0F24-E27D-4787-AB9E-C75A1E5D2129}.Release|x64.Build.0 = Release|x64
		{DACA0F24-E27D-4787-AB9E-C75A1E5D2129}.Release|x86.ActiveCfg = Release|Win32
		{DACA0F24-E27D-4787-AB9E-C75A1E5D2129}.Release|x86.Build.0 = Release|Win32
		{5906D5A4-AB99-4F6E-B4A1-282D78E58DA6}.Debug|x64.ActiveCfg = Debug|x64
		{5906D5A4-AB99-4F6E-B4A1-282D78E58DA6}.Debug|x64.Build.0 = Debug|x64
		{5906D5A4-AB99-4F6E-B4A1-282D78E58DA6}.Debug|x86.ActiveCfg = Debug|Win32
		{5906D5A4-AB99-4F6E-B4A1-282D78E58DA6}.Debug|x86.Build.0 = Debug|Win32
		{5906D5A4-AB99-4F6E-B4A1-282D78E58DA6}.Release|x64.ActiveCfg = Release|x64
		{5906D5A4-AB99-4F6E-B4A1-282D78E58DA6}.Release|x64.Build.0 = Release|x64
		{5906D5A4-AB99-4F6E-B4A1-282D78E58DA6}.Release|x86.ActiveCfg = Release|Win32
		{5906D5A4-AB99-4F6E-B4A1-282D78E58DA6}.Release|x86.Build.0 = Release|Win32
		{E2F0CCAF-3354-48F8-A1B4-D89487C6BA41}.Debug|x64.ActiveCfg = Debug|x64
		{E2F0CCAF-3354-48F8-A1B4-D89487C6BA41}.Debug|x64.Build.0 = Debug|x64
		{E2F0CCAF-3354-48F8-A1B4-D89487C6BA41}.Debug|x86.ActiveCfg = Debug|Win32
		{E2F0CCAF-3354-48F8-A1B4-D89487C6BA41}.Debug|x86.Build.0 = Debug|Win32
		{E2F0CCAF-3354-48F8-A1B4-D89487C6BA41}.Release|x64.ActiveCfg = Release|x64
		{E2F0CCAF-3354-48F8-A1B4-D89487C6BA41}.Release|x64.Build.0 = Release|x64
		{E2F0CCAF-3354-48F8-A1B4-D89487C6BA41}.Release|x86.ActiveCfg = Release|Win32
		{E2F0CCAF-3354-48F8-A1B4-D89487C6BA41}.Release|x86.Build.0 = Release|Win32
		{CE971BB9-9C38-4988-8315-42F5D130ACDC}.Debug|x64.ActiveCfg = Debug|x64
		{CE971BB9-9C38-4988-8315-42F5D130ACDC}.Debug|x64.Build.0 = Debug|x64
		{CE971BB9-9C38-4988-8315-42F5D130ACDC}.Debug|x86.ActiveCfg = Debug|Win32
		{CE971BB9-9C38-4988-8315-42F5D130ACDC}.Debug|x86.Build.0 = Debug|Win32
		{CE971BB9-9C38-4988-8315-42F5D130ACDC}.Release|x64.ActiveCfg = Release|x64
		{CE971BB9-9C38-4988-8315-42F5D130ACDC}.Release|x64.Build.0 = Release|x64
		{CE971BB9-9C38-4988-8315-42F5D130ACDC}.Release|x86.ActiveCfg = Release|Win32
		{CE971BB9-9C38-4988-8315-42F5D130ACDC}.Release|x86.Build.0 = Release|Win32
		{FA83C824-C953-4A72-9CAB-4253F03ECEED}.Debug|x64.ActiveCfg = Debug|x64
		{FA83C824-C953-4A72-9CAB-4253F03ECEED}.Debug|x64.Build.0 = Debug|x64
		{FA83C824-C953-4A72-9CAB-4253F03ECEED}.Debug|x86.ActiveCfg = Debug|Win32
		{FA83C824-C953-4A72-9CAB-4253F03ECEED}.Debug|x86.Build.0 = Debug|Win32
		{FA83C824-C953-4A72-9CAB-4253F03ECEED}.Release|x64.ActiveCfg = Release|x64
		{FA83C824-C953-4A72-9CAB-4253F03ECEED}.Release|x64.Build.0 = Release|x64
		{FA83C824-C953-4A72-9CAB-4253F03ECEED}.Release|x86.ActiveCfg = Release|Win32
		{FA83C824-C953-4A72-9CAB-4253F03ECEED}.Release|x86.Build.0 = Release|Win32
		{401D05A0-7A70-46DE-BBE9-7612A89AE857}.Debug|x64.ActiveCfg = Debug|x64
		{401D05A0-7A70-46DE-BBE9-7612A89AE857}.Debug|x64.Build.0 = Debug|x64
		{401D05A0-7A70-46DE-BBE9-7612A89AE857}.Debug|x86.ActiveCfg = Debug|Win32
		{401D05A0-7A70-46DE-BBE9-7612A89AE857}.Debug|x86.Build.0 = Debug|Win32
		{401D05A0-7A70-46DE-BBE9-7612A89AE857}.Release|x64.ActiveCfg = Release|x64
		{401D05A0-7A70-46DE-BBE9-7612A89AE857}.Release|x64.Build.0 = Release|x64
		{401D05A0-7A70-46DE-BBE9-7612A89AE857}.Release|x86.ActiveCfg = Release|Win32
		{401D05A0-7A70-46DE-BBE9-7612A89AE857}.Release|x86.Build.0 = Release|Win32
		{E0B52AE7-E160-4D32-BF3F-910B785E5A8E}.Debug|x64.ActiveCfg = Debug|x64
		{E0B52AE7-E160-4D32-BF3F-910B785E5A8E}.Debug|x64.Build.0 = Debug|x64
		{E0B52AE7-E160-4D32-BF3F-910B785E5A8E}.Debug|x86.ActiveCfg = Debug|Win32
		{E0B52AE7-E160-4D32-BF3F-910B785E5A8E}.Debug|x86.Build.0 = Debug|Win32
		{E0B52AE7-E160-4D32-BF3F-910B785E5A8E}.Release|x64.ActiveCfg = Release|x64
		{E0B52AE7-E160-4D32-BF3F-910B785E5A8E}.Release|x64.Build.0 = Release|x64
		{E0B52AE7-E160-4D32-BF3F-910B785E5A8E}.Release|x86.ActiveCfg = Release|Win32
		{E0B52AE7-E160-4D32-BF3F-910B785E5A8E}.Release|x86.Build.0 = Release|Win32
		{3629F01A-6FED-42EB-B308-E9F7F1346EAF}.Debug|x64.ActiveCfg = Debug|x64
		{3629F01A-6FED-42EB-B308-E9F7F1346EAF}.Debug|x64.Build.0 = Debug|x64
		{3629F01A-6FED-42EB-B308-E9F7F1346EAF}.Debug|x86.ActiveCfg = Debug|Win32
		{3629F01A-6FED-42EB-B308-E9F7F1346EAF}.Debug|x86.Build.0 = Debug|Win32
		{3629F01A-6FED-42EB-B308-E9F7F1346EAF}.Release|x64.ActiveCfg = Release|x64
		{3629F01A-6FED-42EB-B308-E9F7F1346EAF}.Release|x64.Build.0 = Release|x64
		{3629F01A-6FED-42EB-B308-E9F7F1346EAF}.Release|x86.ActiveCfg = Release|Win32
		{3629F01A-6FED-42EB-B308-E9F7F1346EAF}.Release|x86.Build.0 = Release|Win32
		{66A1A3FC-82AB-40EC-AE31-7677FAB3CC4E}.Debug|x64.ActiveCfg = Debug|x64
		{66A1A3FC-82AB-40EC-AE31-7677FAB3CC4E}.Debug|x64.Build.0 = Debug|x64
		{66A1A3FC-82AB-40EC-AE31-7677FAB3CC4E}.Debug|x86.ActiveCfg = Debug|Win32
		{66A1A3FC-82AB-40EC-AE31-7677FAB3CC4E}.Debug|x86.Build.0 = Debug|Win32
		{66A1A3FC-82AB-40EC-AE31-7677FAB3CC4E}.Release|x64.ActiveCfg = Release|x64
		{66A1A3FC-82AB-40EC-AE31-7677FAB3CC4E}.Release|x64.Build.0 = Release|x64
		{66A1A3FC-82AB-40EC-AE31-7677FAB3CC4E}.Release|x86.ActiveCfg = Release|Win32
		{66A1A3FC-82AB-40EC-AE31-7677FAB3CC4E}.Release|x86.Build.0 = Release|Win32
		{52D656A2-A2F4-4C54-A3C7-653427BED1E8}.Debug|x64.ActiveCfg = Debug|x64
		{52D656A2-A2F4-4C54-A3C7-653427BED1E8}.Debug|x64.Build.0 = Debug|x64
		{52D656A2-A2F4-4C54-A3C7-653427BED1E8}.Debug|x86.ActiveCfg = Debug|Win32
		{52D656A2-A2F4-4C54-A3C7-653427BED1E8}.Debug|x86.Build.0 = Debug|Win32
		{52D656A2-A2F4-4C54-A3C7-653427BED1E8}.Release|x64.ActiveCfg = Release|x64
		{52D656A2-A2F4-4C54-A3C7-653427BED1E8}.Release|x64.Build.0 = Release|x64
		{52D656A2-A2F4-4C54-A3C7-653427BED1E8}.Release|x86.ActiveCfg = Release|Win32
		{52D656A2-A2F4-4C54-A3C7-653427BED1E8}.Release|x86.Build.0 = Release|Win32
		{05BB31A7-290C-4EC5-810A-EB25EB578847}.Debug|x64.ActiveCfg = Debug|x64
		{05BB31A7-290C-4EC5-810A-EB25EB578847}.Debug|x64.Build.0 = Debug|x64
		{05BB31A7-290C-4EC5-810A-EB25EB578847}.Debug|x86.ActiveCfg = Debug|Win32
		{05BB31A7-290C-4EC5-810A-EB25EB578847}.Debug|x86.Build.0 = Debug|Win32
		{05BB31A7-290C-4EC5-810A-EB25EB578847}.Release|x64.ActiveCfg = Release|x64
		{05BB31A7-290C-4EC5-810A-EB25EB578847}.Release|x64.Build.0 = Release|x64
		{05BB31A7-290C-4EC5-810A-EB25EB578847}.Release|x86.ActiveCfg = Release|Win32
		{05BB31A7-290C-4EC5-810A-EB25EB578847}.Release|x86.Build.0 = Release|Win32
		{5AE8ADF4-0866-4B6D-A4FE-371A78B28381}.Debug|x64.ActiveCfg = Debug|x64
		{5AE8ADF4-0866-4B6D-A4FE-371A78B28381}.Debug|x64.Build.0 = Debug|x64
		{5AE8ADF4-0866-4B6D-A4FE-371A78B28381}.Debug|x86.ActiveCfg = Debug|Win32
		{5AE8ADF4-0866-4B6D-A4FE-371A78B28381}.Debug|x86.Build.0 = Debug|Win32
		{5AE8ADF4-0866-4B6D-A4FE-371A78B28381}.Release|x64.ActiveCfg = Release|x64
		{5AE8ADF4-0866-4B6D-A4FE-371A78B28381}.Release|x64.Build.0 = Release|x64
		{5AE8ADF4-0866-4B6D-A4FE-371A78B28381}.Release|x86.ActiveCfg = Release|Win32
		{5AE8ADF4-0866-4B6D-A4FE-371A78B28381}.Release|x86.Build.0 = Release|Win32
		{1AED4CCC-E79F-48A4-9102-22F922531D75}.Debug|x64.ActiveCfg = Debug|x64
		{1AED4CCC-E79F-48A4-9102-22F922531D75}.Debug|x64.Build.0 = Debug|x64
		{1AED4CCC-E79F-48A4-9102-22F922531D75}.Debug|x86.ActiveCfg = Debug|Win32
		{1AED4CCC-E79F-48A4-9102-22F922531D75}.Debug|x86.Build.0 = Debug|Win32
		{1AED4CCC-E79F-48A4-9102-22F922531D75}.Release|x64.ActiveCfg = Release|x64
		{1AED4CCC-E79F-48A4-9102-22F922531D75}.Release|x64.Build.0 = Release|x64
		{1AED4CCC-E79F-48A4-9102-22F922531D75}.Release|x86.ActiveCfg = Release|Win32
		{1AED4CCC-E79F-48A4-9102-22F922531D75}.Release|x86.Build.0 = Release|Win32
		{03E81830-7895-4507-ACF7-FE4E271B48AA}.Debug|x64.ActiveCfg = Debug|x64
		{03E81830-7895-4507-ACF7-FE4E271B48AA}.Debug|x64.Build.0 = Debug|x64
		{03E81830-7895-4507-ACF7-FE4E271B48AA}.Debug|x86.ActiveCfg = Debug|Win32
		{03E81830-7895-4507-ACF7-FE4E271B48AA}.Debug|x86.Build.0 = Debug|Win32
		{03E81830-7895-4507-ACF7-FE4E271B48AA}.Release|x64.ActiveCfg = Release|x64
		{03E81830-7895-4507-ACF7-FE4E271B48AA}.Release|x64.Build.0 = Release|x64
		{03E81830-7895-4507-ACF7-FE4E271B48AA}.Release|x86.ActiveCfg = Release|Win32
		{03E81830-7895-4507-ACF7-FE4E271B48AA}.Release|x86.Build.0 = Release|Win32
		{2215EF7C-F2B9-4866-93A8-69A624A8EB22}.Debug|x64.ActiveCfg = Debug|x64
		{2215EF7C-F2B9-4866-93A8-69A624A8EB22}.Debug|x64.Build.0 = Debug|x64
		{2215EF7C-F2B9-4866-93A8-69A624A8EB22}.Debug|x86.ActiveCfg = Debug|Win32
		{2215EF7C-F2B9-4866-93A8-69A624A8EB22}.Debug|x86.Build.0 = Debug|Win32
		{2215EF7C-F2B9-4866-93A8-69A624A8EB22}.Release|x64.ActiveCfg = Release|x64
		{2215EF7C-F2B9-4866-93A8-69A624A8EB22}.Release|x64.Build.0 = Release|x64
		{2215EF7C-F2B9-4866-93A8-69A624A8EB22}.Release|x86.ActiveCfg = Release|Win32
		{2215EF7C-F2B9-4866-93A8-69A624A8EB22}.Release|x86.Build.0 = Release|Win32
		{6DDCEA66-EAAE-445E-9AF6-18CDC1267711}.Debug|x64.ActiveCfg = Debug|x64
		{6DDCEA66-EAAE-445E-9AF6-18CDC1267711}.Debug|x64.Build.0 = Debug|x64
		{6DDCEA66-EAAE-445E-9AF6-18CDC1267711}.Debug|x86.ActiveCfg = Debug|Win32
		{6DDCEA66-EAAE-445E-9AF6-18CDC1267711}.Debug|x86.Build.0 = Debug|Win32
		{6DDCEA66-EAAE-445E-9AF6-18CDC1267711}.Release|x64.ActiveCfg = Release|x64
		{6DDCEA66-EAAE-445E-9AF6-18CDC1267711}.Release|x64.Build.0 = Release|x64
		{6DDCEA66-EAAE-445E-9AF6-18CDC1267711}.Release|x86.ActiveCfg = Release|Win32
		{6DDCEA66-EAAE-445E-9AF6-18CDC1267711}.Release|x86.Build.0 = Release|Win32
		{044C4BF5-1DAD-47FD-8882-1894A44101C4}.Debug|x64.ActiveCfg = Debug|x64
		{044C4BF5-1DAD-47FD-8882-1894A44101C4}.Debug|x64.Build.0 = Debug|x64
		{044C4BF5-1DAD-47FD-8882-1894A44101C4}.Debug|x86.ActiveCfg = Debug|Win32
		{044C4BF5-1DAD-47FD-8882-1894A44101C4}.Debug|x86.Build.0 = Debug|Win32
		{044C4BF5-1DAD-47FD-8882-1894A44101C4}.Release|x64.ActiveCfg = Release|x64
		{044C4BF5-1DAD-47FD-8882-1894A44101C4}.Release|x64.Build.0 = Release|x64
		{044C4BF5-1DAD-47FD-8882-1894A44101C4}.Release|x86.ActiveCfg = Release|Win32
		{044C4BF5-1DAD-47FD-8882-1894A44101C4}.Release|x86.Build.0 = Release|Win32
		{69E84184-9367-4BDE-8F7C-4F989BB74A40}.Debug|x64.ActiveCfg = Debug|x64
		{69E84184-9367-4BDE-8F7C-4F989BB74A40}.Debug|x64.Build.0 = Debug|x64
		{69E84184-9367-4BDE-8F7C-4F989BB74A40}.Debug|x86.ActiveCfg = Debug|Win32
		{69E84184-9367-4BDE-8F7C-4F989BB74A40}.Debug|x86.Build.0 = Debug|Win32
		{69E84184-9367-4BDE-8F7C-4F989BB74A40}.Release|x64.ActiveCfg = Release|x64
		{69E84184-9367-4BDE-8F7C-4F989BB74A40}.Release|x64.Build.0 = Release|x64
		{69E84184-9367-4BDE-8F7C-4F989BB74A40}.Release|x86.ActiveCfg = Release|Win32
		{69E84184-9367-4BDE-8F7C-4F989BB74A40}.Release|x86.Build.0 = Release|Win32
		{BFF1551E-58E8-470D-9AF2-39DFB9718F76}.Debug|x64.ActiveCfg = Debug|x64
		{BFF1551E-58E8-470D-9AF2-39DFB9718F76}.Debug|x64.Build.0 = Debug|x64
		{BFF1551E-58E8-470D-9AF2-39DFB9718F76}.Debug|x86.ActiveCfg = Debug|Win32
		{BFF1551E-58E8-470D-9AF2-39DFB9718F76}.Debug|x86.Build.0 = Debug|Win32
		{BFF1551E-58E8-470D-9AF2-39DFB9718F76}.Release|x64.ActiveCfg = Release|x64
		{BFF1551E-58E8-470D-9AF2-39DFB9718F76}.Release|x64.Build.0 = Release|x64
		{BFF1551E-58E8-470D-9AF2-39DFB9718F76}.Release|x86.ActiveCfg = Release|Win32
		{BFF1551E-58E8-470D-9AF2-39DFB9718F76}.Release|x86.Build.0 = Release|Win32
		{9EB1F8FE-8444-496F-81FE-5C5CFFA371B5}.Debug|x64.ActiveCfg = Debug|x64
		{9EB1F8FE-8444-496F-81FE-5C5CFFA371B5}.Debug|x64.Build.0 = Debug|x64
		{9EB1F8FE-8444-496F-81FE-5C5CFFA371B5}.Debug|x86.ActiveCfg = Debug|Win32
		{9EB1F8FE-8444-496F-81FE-5C5CFFA371B5}.Debug|x86.Build.0 = Debug|Win32
		{9EB1F8FE-8444-496F-81FE-5C5CFFA371B5}.Release|x64.ActiveCfg = Release|x64
		{9EB1F8FE-8444-496F-81FE-5C5CFFA371B5}.Release|x64.Build.0 = Release|x64
		{9EB1F8FE-8444-496F-81FE-5C5CFFA371B5}.Release|x86.ActiveCfg = Release|Win32
		{9EB1F8FE-8444-496F-81FE-5C5CFFA371B5}.Release|x86.Build.0 = Release|Win32
		{716535BF-6130-4E56-BA4C-AB4ED8462744}.Debug|x64.ActiveCfg = Debug|x64
		{716535BF-6130-4E56-BA4C-AB4ED8462744}.Debug|x64.Build.0 = Debug|x64
		{716535BF-6130-4E56-BA4C-AB4ED8462744}.Debug|x86.ActiveCfg = Debug|Win32
		{716535BF-6130-4E56-BA4C-AB4ED8462744}.Debug|x86.Build.0 = Debug|Win32
		{716535BF-6130-4E56-BA4C-AB4ED8462744}.Release|x64.ActiveCfg = Release|x64
		{716535BF-6130-4E56-BA4C-AB4ED8462744}.Release|x64.Build.0 = Release|x64
		{716535BF-6130-4E56-BA4C-AB4ED8462744}.Release|x86.ActiveCfg = Release|Win32
		{716535BF-6130-4E56-BA4C-AB4ED8462744}.Release|x86.Build.0 = Release|Win32
		{EC8A461C-AFDE-4B93-97F1-A1A1534E5B80}.Debug|x64.ActiveCfg = Debug|x64
		{EC8A461C-AFDE-4B93-97F1-A1A1534E5B80}.Debug|x64.Build.0 = Debug|x64
		{EC8A461C-AFDE-4B93-97F1-A1A1534E5B80}.Debug|x86.ActiveCfg = Debug|Win32
		{EC8A461C-AFDE-4B93-97F1-A1A1534E5B80}.Debug|x86.Build.0 = Debug|Win32
		{EC8A461C-AFDE-4B93-97F1-A1A1534E5B80}.Release|x64.ActiveCfg = Release|x64
		{EC8A461C-AFDE-4B93-97F1-A1A1534E5B80}.Release|x64.Build.0 = Release|x64
		{EC8A461C-AFDE-4B93-97F1-A1A1534E5B80}.Release|x86.ActiveCfg = Release|Win32
		{EC8A461C-AFDE-4B93-97F1-A1A1534E5B80}.Release|x86.Build.0 = Release|Win32
		{5752E2D1-99CC-4D7B-98EA-C130A81760A7}.Debug|x64.ActiveCfg = Debug|x64
		{5752E2D1-99CC-4D7B-98EA-C130A81760A7}.Debug|x64.Build.0 = Debug|x64
		{5752E2D1-99CC-4D7B-98EA-C130A81760A7}.Debug|x86.ActiveCfg = Debug|Win32
		{5752E2D1-99CC-4D7B-98EA-C130A81760A7}.Debug|x86.Build.0 = Debug|Win32
		{5752E2D1-99CC-4D7B-98EA-C130A81760A7}.Release|x64.ActiveCfg = Release|x64
		{5752E2D1-99CC-4D7B-98EA-C130A81760A7}.Release|x64.Build.0 = Release|x64
		{5752E2D1-99CC-4D7B-98EA-C130A81760A7}.Release|x86.ActiveCfg = Release|Win32
		{5752E2D1-99CC-4D7B-98EA-C130A81760A7}.Release|x86.Build.0 = Release|Win32
		{804432DE-0CCB-4DEC-8170-5B30CEF8D3DC}.Debug|x64.ActiveCfg = Debug|x64
		{804432DE-0CCB-4DEC-8170-5B30CEF8D3DC}.Debug|x64.Build.0 = Debug|x64
		{804432DE-0CCB-4DEC-8170-5B30CEF8D3DC}.Debug|x86.ActiveCfg = Debug|Win32
		{804432DE-0CCB-4DEC-8170-5B30CEF8D3DC}.Debug|x86.Build.0 = Debug|Win32
		{804432DE-0CCB-4DEC-8170-5B30CEF8D3DC}.Release|x64.ActiveCfg = Release|x64
		{804432DE-0CCB-4DEC-8170-5B30CEF8D3DC}.Release|x64.Build.0 = Release|x64
		{804432DE-0CCB-4DEC-8170-5B30CEF8D3DC}.Release|x86.ActiveCfg = Release|Win32
		{804432DE-0CCB-4DEC-8170-5B30CEF8D3DC}.Release|x86.Build.0 = Release|Win32
	EndGlobalSection
	GlobalSection(SolutionProperties) = preSolution
		HideSolutionNode = FALSE
	EndGlobalSection
	GlobalSection(NestedProjects) = preSolution
		{DACA0F24-E27D-4787-AB9E-C75A1E5D2129} = {02EA681E-C7D8-13C7-8484-4AC65E1B71E8}
		{5906D5A4-AB99-4F6E-B4A1-282D78E58DA6} = {1F0CEE47-F72B-4C16-9F96-0230370008C2}
		{E2F0CCAF-3354-48F8-A1B4-D89487C6BA41} = {1F0CEE47-F72B-4C16-9F96-0230370008C2}
		{CE971BB9-9C38-4988-8315-42F5D130ACDC} = {56EF5666-6D9D-4656-95E9-9BCCDDCD726E}
		{FA83C824-C953-4A72-9CAB-4253F03ECEED} = {1F0CEE47-F72B-4C16-9F96-0230370008C2}
		{401D05A0-7A70-46DE-BBE9-7612A89AE857} = {56EF5666-6D9D-4656-95E9-9BCCDDCD726E}
		{E0B52AE7-E160-4D32-BF3F-910B785E5A8E} = {4D57DF9A-8108-4E1F-9A0A-CC3122761416}
		{3629F01A-6FED-42EB-B308-E9F7F1346EAF} = {1F0CEE47-F72B-4C16-9F96-0230370008C2}
		{1332146E-E0BC-473B-A44A-9949D6964E63} = {EA09796F-707D-40EA-ADBF-D6AA70DD99ED}
		{66A1A3FC-82AB-40EC-AE31-7677FAB3CC4E} = {56EF5666-6D9D-4656-95E9-9BCCDDCD726E}
		{52D656A2-A2F4-4C54-A3C7-653427BED1E8} = {4D57DF9A-8108-4E1F-9A0A-CC3122761416}
		{05BB31A7-290C-4EC5-810A-EB25EB578847} = {56EF5666-6D9D-4656-95E9-9BCCDDCD726E}
		{5AE8ADF4-0866-4B6D-A4FE-371A78B28381} = {56EF5666-6D9D-4656-95E9-9BCCDDCD726E}
		{1AED4CCC-E79F-48A4-9102-22F922531D75} = {56EF5666-6D9D-4656-95E9-9BCCDDCD726E}
		{03E81830-7895-4507-ACF7-FE4E271B48AA} = {56EF5666-6D9D-4656-95E9-9BCCDDCD726E}
		{2215EF7C-F2B9-4866-93A8-69A624A8EB22} = {56EF5666-6D9D-4656-95E9-9BCCDDCD726E}
		{6DDCEA66-EAAE-445E-9AF6-18CDC1267711} = {8B83EB1A-9128-4C37-A486-556770018A74}
		{044C4BF5-1DAD-47FD-8882-1894A44101C4} = {8B83EB1A-9128-4C37-A486-556770018A74}
		{69E84184-9367-4BDE-8F7C-4F989BB74A40} = {10F164C6-BAFD-49BB-9935-3D61D5C1C87B}
		{BFF1551E-58E8-470D-9AF2-39DFB9718F76} = {8B83EB1A-9128-4C37-A486-556770018A74}
		{9EB1F8FE-8444-496F-81FE-5C5CFFA371B5} = {8B83EB1A-9128-4C37-A486-556770018A74}
		{716535BF-6130-4E56-BA4C-AB4ED8462744} = {8B83EB1A-9128-4C37-A486-556770018A74}
		{EC8A461C-AFDE-4B93-97F1-A1A1534E5B80} = {8B83EB1A-9128-4C37-A486-556770018A74}
		{5752E2D1-99CC-4D7B-98EA-C130A81760A7} = {8B83EB1A-9128-4C37-A486-556770018A74}
		{804432DE-0CCB-4DEC-8170-5B30CEF8D3DC} = {94318BD7-291F-424A-A8A5-7FB310703BF0}
	EndGlobalSection
	GlobalSection(ExtensibilityGlobals) = postSolution
		SolutionGuid = {C84562D2-23AD-4C29-92D2-1A4C470BECEF}
	EndGlobalSection
EndGlobal
