
Microsoft Visual Studio Solution File, Format Version 12.00
# Visual Studio Version 17
VisualStudioVersion = 17.13.35931.197
MinimumVisualStudioVersion = 10.0.40219.1
Project("{8BC9CEB8-8B4A-11D0-8D11-00A0C91BC942}") = "IExeEngine", "Engine\IExeEngine\IExeEngine.vcxproj", "{DACA0F24-E27D-4787-AB9E-C75A1E5D2129}"
EndProject
Project("{2150E333-8FDC-42A3-9474-1A3956D46DE8}") = "Engine", "Engine", "{02EA681E-C7D8-13C7-8484-4AC65E1B71E8}"
EndProject
Project("{2150E333-8FDC-42A3-9474-1A3956D46DE8}") = "Framework", "Framework", "{1F0CEE47-F72B-4C16-9F96-0230370008C2}"
EndProject
Project("{8BC9CEB8-8B4A-11D0-8D11-00A0C91BC942}") = "Core", "Framework\Core\Core.vcxproj", "{5906D5A4-AB99-4F6E-B4A1-282D78E58DA6}"
EndProject
Project("{2150E333-8FDC-42A3-9474-1A3956D46DE8}") = "VGP242", "VGP242", "{56EF5666-6D9D-4656-95E9-9BCCDDCD726E}"
EndProject
Project("{8BC9CEB8-8B4A-11D0-8D11-00A0C91BC942}") = "01_HelloWindow", "VGP242\01_HelloWindow\01_HelloWindow.vcxproj", "{CE971BB9-9C38-4988-8315-42F5D130ACDC}"
EndProject
Global
	GlobalSection(SolutionConfigurationPlatforms) = preSolution
		Debug|x64 = Debug|x64
		Debug|x86 = Debug|x86
		Release|x64 = Release|x64
		Release|x86 = Release|x86
	EndGlobalSection
	GlobalSection(ProjectConfigurationPlatforms) = postSolution
		{DACA0F24-E27D-4787-AB9E-C75A1E5D2129}.Debug|x64.ActiveCfg = Debug|x64
		{DACA0F24-E27D-4787-AB9E-C75A1E5D2129}.Debug|x64.Build.0 = Debug|x64
		{DACA0F24-E27D-4787-AB9E-C75A1E5D2129}.Debug|x86.ActiveCfg = Debug|Win32
		{DACA0F24-E27D-4787-AB9E-C75A1E5D2129}.Debug|x86.Build.0 = Debug|Win32
		{DACA0F24-E27D-4787-AB9E-C75A1E5D2129}.Release|x64.ActiveCfg = Release|x64
		{DACA0F24-E27D-4787-AB9E-C75A1E5D2129}.Release|x64.Build.0 = Release|x64
		{DACA0F24-E27D-4787-AB9E-C75A1E5D2129}.Release|x86.ActiveCfg = Release|Win32
		{DACA0F24-E27D-4787-AB9E-C75A1E5D2129}.Release|x86.Build.0 = Release|Win32
		{5906D5A4-AB99-4F6E-B4A1-282D78E58DA6}.Debug|x64.ActiveCfg = Debug|x64
		{5906D5A4-AB99-4F6E-B4A1-282D78E58DA6}.Debug|x64.Build.0 = Debug|x64
		{5906D5A4-AB99-4F6E-B4A1-282D78E58DA6}.Debug|x86.ActiveCfg = Debug|Win32
		{5906D5A4-AB99-4F6E-B4A1-282D78E58DA6}.Debug|x86.Build.0 = Debug|Win32
		{5906D5A4-AB99-4F6E-B4A1-282D78E58DA6}.Release|x64.ActiveCfg = Release|x64
		{5906D5A4-AB99-4F6E-B4A1-282D78E58DA6}.Release|x64.Build.0 = Release|x64
		{5906D5A4-AB99-4F6E-B4A1-282D78E58DA6}.Release|x86.ActiveCfg = Release|Win32
		{5906D5A4-AB99-4F6E-B4A1-282D78E58DA6}.Release|x86.Build.0 = Release|Win32
		{CE971BB9-9C38-4988-8315-42F5D130ACDC}.Debug|x64.ActiveCfg = Debug|x64
		{CE971BB9-9C38-4988-8315-42F5D130ACDC}.Debug|x64.Build.0 = Debug|x64
		{CE971BB9-9C38-4988-8315-42F5D130ACDC}.Debug|x86.ActiveCfg = Debug|Win32
		{CE971BB9-9C38-4988-8315-42F5D130ACDC}.Debug|x86.Build.0 = Debug|Win32
		{CE971BB9-9C38-4988-8315-42F5D130ACDC}.Release|x64.ActiveCfg = Release|x64
		{CE971BB9-9C38-4988-8315-42F5D130ACDC}.Release|x64.Build.0 = Release|x64
		{CE971BB9-9C38-4988-8315-42F5D130ACDC}.Release|x86.ActiveCfg = Release|Win32
		{CE971BB9-9C38-4988-8315-42F5D130ACDC}.Release|x86.Build.0 = Release|Win32
	EndGlobalSection
	GlobalSection(SolutionProperties) = preSolution
		HideSolutionNode = FALSE
	EndGlobalSection
	GlobalSection(NestedProjects) = preSolution
		{DACA0F24-E27D-4787-AB9E-C75A1E5D2129} = {02EA681E-C7D8-13C7-8484-4AC65E1B71E8}
		{5906D5A4-AB99-4F6E-B4A1-282D78E58DA6} = {1F0CEE47-F72B-4C16-9F96-0230370008C2}
		{CE971BB9-9C38-4988-8315-42F5D130ACDC} = {56EF5666-6D9D-4656-95E9-9BCCDDCD726E}
	EndGlobalSection
	GlobalSection(ExtensibilityGlobals) = postSolution
		SolutionGuid = {C84562D2-23AD-4C29-92D2-1A4C470BECEF}
	EndGlobalSection
EndGlobal
